
Microsoft Visual Studio Solution File, Format Version 12.00
# Visual Studio Version 17
VisualStudioVersion = 17.4.33213.308
MinimumVisualStudioVersion = 10.0.40219.1
Project("{FAE04EC0-301F-11D3-BF4B-00C04F79EFBC}") = "LV1", "LV1\LV1.csproj", "{F69B3652-48FA-4956-A500-56303FC4596A}"
EndProject
Global
	GlobalSection(SolutionConfigurationPlatforms) = preSolution
		Debug|Any CPU = Debug|Any CPU
		Release|Any CPU = Release|Any CPU
	EndGlobalSection
	GlobalSection(ProjectConfigurationPlatforms) = postSolution
		{F69B3652-48FA-4956-A500-56303FC4596A}.Debug|Any CPU.ActiveCfg = Debug|Any CPU
		{F69B3652-48FA-4956-A500-56303FC4596A}.Debug|Any CPU.Build.0 = Debug|Any CPU
		{F69B3652-48FA-4956-A500-56303FC4596A}.Release|Any CPU.ActiveCfg = Release|Any CPU
		{F69B3652-48FA-4956-A500-56303FC4596A}.Release|Any CPU.Build.0 = Release|Any CPU
	EndGlobalSection
	GlobalSection(SolutionProperties) = preSolution
		HideSolutionNode = FALSE
	EndGlobalSection
	GlobalSection(ExtensibilityGlobals) = postSolution
		SolutionGuid = {5C6B2F8F-26A8-41A9-985F-1461915F9D49}
	EndGlobalSection
EndGlobal
